github.com/JitenPalaparthi/golang-personal-training-june-july-2026-shapes v0.0.0-20260629142136-16a39ce69300 h1:/G/SU0J2pt0489P7y8GbJ+wr6mhQZfdKrh0kR9mKZ0I=
github.com/JitenPalaparthi/golang-personal-training-june-july-2026-shapes v0.0.0-20260629142136-16a39ce69300/go.mod h1:wzuUqmeqKDCLJi1BDUfKu7HKnHz1a1XhuJK5NnbwV2U=
